// !$*UTF8*$!
{
	archiveVersion = 1;
	classes = {
	};
	objectVersion = 48;
	objects = {

/* Begin PBXBuildFile section */
		F2A73D6F20A2E02A007B7C8C /* SQLiteDatabase.swift in Sources */ = {isa = PBXBuildFile; fileRef = F2A73D6E20A2E02A007B7C8C /* SQLiteDatabase.swift */; };
		F2A73D7120A2F6EF007B7C8C /* Movie.swift in Sources */ = {isa = PBXBuildFile; fileRef = F2A73D7020A2F6EF007B7C8C /* Movie.swift */; };
		F2EB87B520A26F190064D8F2 /* AppDelegate.swift in Sources */ = {isa = PBXBuildFile; fileRef = F2EB87B420A26F190064D8F2 /* AppDelegate.swift */; };
		F2EB87B720A26F190064D8F2 /* ViewController.swift in Sources */ = {isa = PBXBuildFile; fileRef = F2EB87B620A26F190064D8F2 /* ViewController.swift */; };
		F2EB87BA20A26F190064D8F2 /* Main.storyboard in Resources */ = {isa = PBXBuildFile; fileRef = F2EB87B820A26F190064D8F2 /* Main.storyboard */; };
		F2EB87BC20A26F190064D8F2 /* Assets.xcassets in Resources */ = {isa = PBXBuildFile; fileRef = F2EB87BB20A26F190064D8F2 /* Assets.xcassets */; };
		F2EB87BF20A26F190064D8F2 /* LaunchScreen.storyboard in Resources */ = {isa = PBXBuildFile; fileRef = F2EB87BD20A26F190064D8F2 /* LaunchScreen.storyboard */; };
/* End PBXBuildFile section */

/* Begin PBXFileReference section */
		F2A73D6E20A2E02A007B7C8C /* SQLiteDatabase.swift */ = {isa = PBXFileReference; lastKnownFileType = sourcecode.swift; path = SQLiteDatabase.swift; sourceTree = "<group>"; };
		F2A73D7020A2F6EF007B7C8C /* Movie.swift */ = {isa = PBXFileReference; lastKnownFileType = sourcecode.swift; path = Movie.swift; sourceTree = "<group>"; };
		F2EB87B120A26F190064D8F2 /* Tutorial05.app */ = {isa = PBXFileReference; explicitFileType = wrapper.application; includeInIndex = 0; path = Tutorial05.app; sourceTree = BUILT_PRODUCTS_DIR; };
		F2EB87B420A26F190064D8F2 /* AppDelegate.swift */ = {isa = PBXFileReference; lastKnownFileType = sourcecode.swift; path = AppDelegate.swift; sourceTree = "<group>"; };
		F2EB87B620A26F190064D8F2 /* ViewController.swift */ = {isa = PBXFileReference; lastKnownFileType = sourcecode.swift; path = ViewController.swift; sourceTree = "<group>"; };
		F2EB87B920A26F190064D8F2 /* Base */ = {isa = PBXFileReference; lastKnownFileType = file.storyboard; name = Base; path = Base.lproj/Main.storyboard; sourceTree = "<group>"; };
		F2EB87BB20A26F190064D8F2 /* Assets.xcassets */ = {isa = PBXFileReference; lastKnownFileType = folder.assetcatalog; path = Assets.xcassets; sourceTree = "<group>"; };
		F2EB87BE20A26F190064D8F2 /* Base */ = {isa = PBXFileReference; lastKnownFileType = file.storyboard; name = Base; path = Base.lproj/LaunchScreen.storyboard; sourceTree = "<group>"; };
		F2EB87C020A26F190064D8F2 /* Info.plist */ = {isa = PBXFileReference; lastKnownFileType = text.plist.xml; path = Info.plist; sourceTree = "<group>"; };
/* End PBXFileReference section */

/* Begin PBXFrameworksBuildPhase section */
		F2EB87AE20A26F190064D8F2 /* Frameworks */ = {
			isa = PBXFrameworksBuildPhase;
			buildActionMask = 2147483647;
			files = (
			);
			runOnlyForDeploymentPostprocessing = 0;
		};
/* End PBXFrameworksBuildPhase section */

/* Begin PBXGroup section */
		F2EB87A820A26F190064D8F2 = {
			isa = PBXGroup;
			children = (
				F2EB87B320A26F190064D8F2 /* Tutorial05 */,
				F2EB87B220A26F190064D8F2 /* Products */,
			);
			sourceTree = "<group>";
		};
		F2EB87B220A26F190064D8F2 /* Products */ = {
			isa = PBXGroup;
			children = (
				F2EB87B120A26F190064D8F2 /* Tutorial05.app */,
			);
			name = Products;
			sourceTree = "<group>";
		};
		F2EB87B320A26F190064D8F2 /* Tutorial05 */ = {
			isa = PBXGroup;
			children = (
				F2EB87B420A26F190064D8F2 /* AppDelegate.swift */,
				F2EB87B620A26F190064D8F2 /* ViewController.swift */,
				F2EB87B820A26F190064D8F2 /* Main.storyboard */,
				F2EB87BB20A26F190064D8F2 /* Assets.xcassets */,
				F2EB87BD20A26F190064D8F2 /* LaunchScreen.storyboard */,
				F2EB87C020A26F190064D8F2 /* Info.plist */,
				F2A73D6E20A2E02A007B7C8C /* SQLiteDatabase.swift */,
				F2A73D7020A2F6EF007B7C8C /* Movie.swift */,
			);
			path = Tutorial05;
			sourceTree = "<group>";
		};
/* End PBXGroup section */

/* Begin PBXNativeTarget section */
		F2EB87B020A26F190064D8F2 /* Tutorial05 */ = {
			isa = PBXNativeTarget;
			buildConfigurationList = F2EB87C320A26F190064D8F2 /* Build configuration list for PBXNativeTarget "Tutorial05" */;
			buildPhases = (
				F2EB87AD20A26F190064D8F2 /* Sources */,
				F2EB87AE20A26F190064D8F2 /* Frameworks */,
				F2EB87AF20A26F190064D8F2 /* Resources */,
			);
			buildRules = (
			);
			dependencies = (
			);
			name = Tutorial05;
			productName = Tutorial05;
			productReference = F2EB87B120A26F190064D8F2 /* Tutorial05.app */;
			productType = "com.apple.product-type.application";
		};
/* End PBXNativeTarget section */

/* Begin PBXProject section */
		F2EB87A920A26F190064D8F2 /* Project object */ = {
			isa = PBXProject;
			attributes = {
				LastSwiftUpdateCheck = 0920;
				LastUpgradeCheck = 0920;
				ORGANIZATIONNAME = "Hua Cai";
				TargetAttributes = {
					F2EB87B020A26F190064D8F2 = {
						CreatedOnToolsVersion = 9.2;
						ProvisioningStyle = Automatic;
					};
				};
			};
			buildConfigurationList = F2EB87AC20A26F190064D8F2 /* Build configuration list for PBXProject "Tutorial05" */;
			compatibilityVersion = "Xcode 8.0";
			developmentRegion = en;
			hasScannedForEncodings = 0;
			knownRegions = (
				en,
				Base,
			);
			mainGroup = F2EB87A820A26F190064D8F2;
			productRefGroup = F2EB87B220A26F190064D8F2 /* Products */;
			projectDirPath = "";
			projectRoot = "";
			targets = (
				F2EB87B020A26F190064D8F2 /* Tutorial05 */,
			);
		};
/* End PBXProject section */

/* Begin PBXResourcesBuildPhase section */
		F2EB87AF20A26F190064D8F2 /* Resources */ = {
			isa = PBXResourcesBuildPhase;
			buildActionMask = 2147483647;
			files = (
				F2EB87BF20A26F190064D8F2 /* LaunchScreen.storyboard in Resources */,
				F2EB87BC20A26F190064D8F2 /* Assets.xcassets in Resources */,
				F2EB87BA20A26F190064D8F2 /* Main.storyboard in Resources */,
			);
			runOnlyForDeploymentPostprocessing = 0;
		};
/* End PBXResourcesBuildPhase section */

/* Begin PBXSourcesBuildPhase section */
		F2EB87AD20A26F190064D8F2 /* Sources */ = {
			isa = PBXSourcesBuildPhase;
			buildActionMask = 2147483647;
			files = (
				F2EB87B720A26F190064D8F2 /* ViewController.swift in Sources */,
				F2EB87B520A26F190064D8F2 /* AppDelegate.swift in Sources */,
				F2A73D7120A2F6EF007B7C8C /* Movie.swift in Sources */,
				F2A73D6F20A2E02A007B7C8C /* SQLiteDatabase.swift in Sources */,
			);
			runOnlyForDeploymentPostprocessing = 0;
		};
/* End PBXSourcesBuildPhase section */

/* Begin PBXVariantGroup section */
		F2EB87B820A26F190064D8F2 /* Main.storyboard */ = {
			isa = PBXVariantGroup;
			children = (
				F2EB87B920A26F190064D8F2 /* Base */,
			);
			name = Main.storyboard;
			sourceTree = "<group>";
		};
		F2EB87BD20A26F190064D8F2 /* LaunchScreen.storyboard */ = {
			isa = PBXVariantGroup;
			children = (
				F2EB87BE20A26F190064D8F2 /* Base */,
			);
			name = LaunchScreen.storyboard;
			sourceTree = "<group>";
		};
/* End PBXVariantGroup section */

/* Begin XCBuildConfiguration section */
		F2EB87C120A26F190064D8F2 /* Debug */ = {
			isa = XCBuildConfiguration;
			buildSettings = {
				ALWAYS_SEARCH_USER_PATHS = NO;
				CLANG_ANALYZER_NONNULL = YES;
				CLANG_ANALYZER_NUMBER_OBJECT_CONVERSION = YES_AGGRESSIVE;
				CLANG_CXX_LANGUAGE_STANDARD = "gnu++14";
				CLANG_CXX_LIBRARY = "libc++";
				CLANG_ENABLE_MODULES = YES;
				CLANG_ENABLE_OBJC_ARC = YES;
				CLANG_WARN_BLOCK_CAPTURE_AUTORELEASING = YES;
				CLANG_WARN_BOOL_CONVERSION = YES;
				CLANG_WARN_COMMA = YES;
				CLANG_WARN_CONSTANT_CONVERSION = YES;
				CLANG_WARN_DIRECT_OBJC_ISA_USAGE = YES_ERROR;
				CLANG_WARN_DOCUMENTATION_COMMENTS = YES;
				CLANG_WARN_EMPTY_BODY = YES;
				CLANG_WARN_ENUM_CONVERSION = YES;
				CLANG_WARN_INFINITE_RECURSION = YES;
				CLANG_WARN_INT_CONVERSION = YES;
				CLANG_WARN_NON_LITERAL_NULL_CONVERSION = YES;
				CLANG_WARN_OBJC_LITERAL_CONVERSION = YES;
				CLANG_WARN_OBJC_ROOT_CLASS = YES_ERROR;
				CLANG_WARN_RANGE_LOOP_ANALYSIS = YES;
				CLANG_WARN_STRICT_PROTOTYPES = YES;
				CLANG_WARN_SUSPICIOUS_MOVE = YES;
				CLANG_WARN_UNGUARDED_AVAILABILITY = YES_AGGRESSIVE;
				CLANG_WARN_UNREACHABLE_CODE = YES;
				CLANG_WARN__DUPLICATE_METHOD_MATCH = YES;
				CODE_SIGN_IDENTITY = "iPhone Developer";
				COPY_PHASE_STRIP = NO;
				DEBUG_INFORMATION_FORMAT = dwarf;
				ENABLE_STRICT_OBJC_MSGSEND = YES;
				ENABLE_TESTABILITY = YES;
				GCC_C_LANGUAGE_STANDARD = gnu11;
				GCC_DYNAMIC_NO_PIC = NO;
				GCC_NO_COMMON_BLOCKS = YES;
				GCC_OPTIMIZATION_LEVEL = 0;
				GCC_PREPROCESSOR_DEFINITIONS = (
					"DEBUG=1",
					"$(inherited)",
				);
				GCC_WARN_64_TO_32_BIT_CONVERSION = YES;
				GCC_WARN_ABOUT_RETURN_TYPE = YES_ERROR;
				GCC_WARN_UNDECLARED_SELECTOR = YES;
				GCC_WARN_UNINITIALIZED_AUTOS = YES_AGGRESSIVE;
				GCC_WARN_UNUSED_FUNCTION = YES;
				GCC_WARN_UNUSED_VARIABLE = YES;
				IPHONEOS_DEPLOYMENT_TARGET = 11.2;
				MTL_ENABLE_DEBUG_INFO = YES;
				ONLY_ACTIVE_ARCH = YES;
				SDKROOT = iphoneos;
				SWIFT_ACTIVE_COMPILATION_CONDITIONS = DEBUG;
				SWIFT_OPTIMIZATION_LEVEL = "-Onone";
			};
			name = Debug;
		};
		F2EB87C220A26F190064D8F2 /* Release */ = {
			isa = XCBuildConfiguration;
			buildSettings = {
				ALWAYS_SEARCH_USER_PATHS = NO;
				CLANG_ANALYZER_NONNULL = YES;
				CLANG_ANALYZER_NUMBER_OBJECT_CONVERSION = YES_AGGRESSIVE;
				CLANG_CXX_LANGUAGE_STANDARD = "gnu++14";
				CLANG_CXX_LIBRARY = "libc++";
				CLANG_ENABLE_MODULES = YES;
				CLANG_ENABLE_OBJC_ARC = YES;
				CLANG_WARN_BLOCK_CAPTURE_AUTORELEASING = YES;
				CLANG_WARN_BOOL_CONVERSION = YES;
				CLANG_WARN_COMMA = YES;
				CLANG_WARN_CONSTANT_CONVERSION = YES;
				CLANG_WARN_DIRECT_OBJC_ISA_USAGE = YES_ERROR;
				CLANG_WARN_DOCUMENTATION_COMMENTS = YES;
				CLANG_WARN_EMPTY_BODY = YES;
				CLANG_WARN_ENUM_CONVERSION = YES;
				CLANG_WARN_INFINITE_RECURSION = YES;
				CLANG_WARN_INT_CONVERSION = YES;
				CLANG_WARN_NON_LITERAL_NULL_CONVERSION = YES;
				CLANG_WARN_OBJC_LITERAL_CONVERSION = YES;
				CLANG_WARN_OBJC_ROOT_CLASS = YES_ERROR;
				CLANG_WARN_RANGE_LOOP_ANALYSIS = YES;
				CLANG_WARN_STRICT_PROTOTYPES = YES;
				CLANG_WARN_SUSPICIOUS_MOVE = YES;
				CLANG_WARN_UNGUARDED_AVAILABILITY = YES_AGGRESSIVE;
				CLANG_WARN_UNREACHABLE_CODE = YES;
				CLANG_WARN__DUPLICATE_METHOD_MATCH = YES;
				CODE_SIGN_IDENTITY = "iPhone Developer";
				COPY_PHASE_STRIP = NO;
				DEBUG_INFORMATION_FORMAT = "dwarf-with-dsym";
				ENABLE_NS_ASSERTIONS = NO;
				ENABLE_STRICT_OBJC_MSGSEND = YES;
				GCC_C_LANGUAGE_STANDARD = gnu11;
				GCC_NO_COMMON_BLOCKS = YES;
				GCC_WARN_64_TO_32_BIT_CONVERSION = YES;
				GCC_WARN_ABOUT_RETURN_TYPE = YES_ERROR;
				GCC_WARN_UNDECLARED_SELECTOR = YES;
				GCC_WARN_UNINITIALIZED_AUTOS = YES_AGGRESSIVE;
				GCC_WARN_UNUSED_FUNCTION = YES;
				GCC_WARN_UNUSED_VARIABLE = YES;
				IPHONEOS_DEPLOYMENT_TARGET = 11.2;
				MTL_ENABLE_DEBUG_INFO = NO;
				SDKROOT = iphoneos;
				SWIFT_OPTIMIZATION_LEVEL = "-Owholemodule";
				VALIDATE_PRODUCT = YES;
			};
			name = Release;
		};
		F2EB87C420A26F190064D8F2 /* Debug */ = {
			isa = XCBuildConfiguration;
			buildSettings = {
				ASSETCATALOG_COMPILER_APPICON_NAME = AppIcon;
				CODE_SIGN_STYLE = Automatic;
				INFOPLIST_FILE = Tutorial05/Info.plist;
				LD_RUNPATH_SEARCH_PATHS = "$(inherited) @executable_path/Frameworks";
				PRODUCT_BUNDLE_IDENTIFIER = com.hua.utas.Tutorial05;
				PRODUCT_NAME = "$(TARGET_NAME)";
				SWIFT_VERSION = 4.0;
				TARGETED_DEVICE_FAMILY = "1,2";
			};
			name = Debug;
		};
		F2EB87C520A26F190064D8F2 /* Release */ = {
			isa = XCBuildConfiguration;
			buildSettings = {
				ASSETCATALOG_COMPILER_APPICON_NAME = AppIcon;
				CODE_SIGN_STYLE = Automatic;
				INFOPLIST_FILE = Tutorial05/Info.plist;
				LD_RUNPATH_SEARCH_PATHS = "$(inherited) @executable_path/Frameworks";
				PRODUCT_BUNDLE_IDENTIFIER = com.hua.utas.Tutorial05;
				PRODUCT_NAME = "$(TARGET_NAME)";
				SWIFT_VERSION = 4.0;
				TARGETED_DEVICE_FAMILY = "1,2";
			};
			name = Release;
		};
/* End XCBuildConfiguration section */

/* Begin XCConfigurationList section */
		F2EB87AC20A26F190064D8F2 /* Build configuration list for PBXProject "Tutorial05" */ = {
			isa = XCConfigurationList;
			buildConfigurations = (
				F2EB87C120A26F190064D8F2 /* Debug */,
				F2EB87C220A26F190064D8F2 /* Release */,
			);
			defaultConfigurationIsVisible = 0;
			defaultConfigurationName = Release;
		};
		F2EB87C320A26F190064D8F2 /* Build configuration list for PBXNativeTarget "Tutorial05" */ = {
			isa = XCConfigurationList;
			buildConfigurations = (
				F2EB87C420A26F190064D8F2 /* Debug */,
				F2EB87C520A26F190064D8F2 /* Release */,
			);
			defaultConfigurationIsVisible = 0;
			defaultConfigurationName = Release;
		};
/* End XCConfigurationList section */
	};
	rootObject = F2EB87A920A26F190064D8F2 /* Project object */;
}
